// !$*UTF8*$!
{
	archiveVersion = 1;
	classes = {
	};
	objectVersion = 77;
	objects = {

/* Begin PBXBuildFile section */
		C1512F5C2E2F5AEB0051C0AE /* libSDL3.0.dylib in Frameworks */ = {isa = PBXBuildFile; fileRef = C1512F5B2E2F5AEB0051C0AE /* libSDL3.0.dylib */; };
		C1512F5D2E2F5AEB0051C0AE /* libSDL3.0.dylib in Embed Libraries */ = {isa = PBXBuildFile; fileRef = C1512F5B2E2F5AEB0051C0AE /* libSDL3.0.dylib */; settings = {ATTRIBUTES = (CodeSignOnCopy, ); }; };
		C1DEC4472E1B772A0058B6D4 /* Foundation.framework in Frameworks */ = {isa = PBXBuildFile; fileRef = C1DEC4462E1B772A0058B6D4 /* Foundation.framework */; };
		C1DEC4492E1B77310058B6D4 /* QuartzCore.framework in Frameworks */ = {isa = PBXBuildFile; fileRef = C1DEC4482E1B77310058B6D4 /* QuartzCore.framework */; };
		C1DEC44B2E1B77370058B6D4 /* Metal.framework in Frameworks */ = {isa = PBXBuildFile; fileRef = C1DEC44A2E1B77370058B6D4 /* Metal.framework */; };
/* End PBXBuildFile section */

/* Begin PBXCopyFilesBuildPhase section */
		C1512F5E2E2F5AEB0051C0AE /* Embed Libraries */ = {
			isa = PBXCopyFilesBuildPhase;
			buildActionMask = 2147483647;
			dstPath = "";
			dstSubfolderSpec = 10;
			files = (
				C1512F5D2E2F5AEB0051C0AE /* libSDL3.0.dylib in Embed Libraries */,
			);
			name = "Embed Libraries";
			runOnlyForDeploymentPostprocessing = 0;
		};
		C1DEB1112E1B75590058B6D4 /* CopyFiles */ = {
			isa = PBXCopyFilesBuildPhase;
			buildActionMask = 2147483647;
			dstPath = /usr/share/man/man1/;
			dstSubfolderSpec = 0;
			files = (
			);
			runOnlyForDeploymentPostprocessing = 1;
		};
/* End PBXCopyFilesBuildPhase section */

/* Begin PBXFileReference section */
		C1512F5B2E2F5AEB0051C0AE /* libSDL3.0.dylib */ = {isa = PBXFileReference; lastKnownFileType = "compiled.mach-o.dylib"; name = libSDL3.0.dylib; path = ../../../../../../opt/homebrew/Cellar/sdl3/3.2.18/lib/libSDL3.0.dylib; sourceTree = "<group>"; };
		C1DEB1132E1B75590058B6D4 /* Raytracer */ = {isa = PBXFileReference; explicitFileType = "compiled.mach-o.executable"; includeInIndex = 0; path = Raytracer; sourceTree = BUILT_PRODUCTS_DIR; };
		C1DEC4462E1B772A0058B6D4 /* Foundation.framework */ = {isa = PBXFileReference; lastKnownFileType = wrapper.framework; name = Foundation.framework; path = System/Library/Frameworks/Foundation.framework; sourceTree = SDKROOT; };
		C1DEC4482E1B77310058B6D4 /* QuartzCore.framework */ = {isa = PBXFileReference; lastKnownFileType = wrapper.framework; name = QuartzCore.framework; path = System/Library/Frameworks/QuartzCore.framework; sourceTree = SDKROOT; };
		C1DEC44A2E1B77370058B6D4 /* Metal.framework */ = {isa = PBXFileReference; lastKnownFileType = wrapper.framework; name = Metal.framework; path = System/Library/Frameworks/Metal.framework; sourceTree = SDKROOT; };
		C1DEC6392E1B93670058B6D4 /* libSDL3.0.dylib */ = {isa = PBXFileReference; lastKnownFileType = "compiled.mach-o.dylib"; name = libSDL3.0.dylib; path = ../../../../../../opt/homebrew/Cellar/sdl3/3.2.16/lib/libSDL3.0.dylib; sourceTree = "<group>"; };
/* End PBXFileReference section */

/* Begin PBXFileSystemSynchronizedBuildFileExceptionSet section */
		C1DEC64B2E1F4FD30058B6D4 /* Exceptions for "Raytracer" folder in "Raytracer" target */ = {
			isa = PBXFileSystemSynchronizedBuildFileExceptionSet;
			membershipExceptions = (
				includes/Vec3ShaderHeader.metal,
			);
			target = C1DEB1122E1B75590058B6D4 /* Raytracer */;
		};
/* End PBXFileSystemSynchronizedBuildFileExceptionSet section */

/* Begin PBXFileSystemSynchronizedGroupBuildPhaseMembershipExceptionSet section */
		C1DEC4512E1B7A380058B6D4 /* Exceptions for "Raytracer" folder in "Compile Sources" phase from "Raytracer" target */ = {
			isa = PBXFileSystemSynchronizedGroupBuildPhaseMembershipExceptionSet;
			buildPhase = C1DEB10F2E1B75590058B6D4 /* Sources */;
			membershipExceptions = (
				includes/RayTracingShaderStructs.h,
			);
		};
/* End PBXFileSystemSynchronizedGroupBuildPhaseMembershipExceptionSet section */

/* Begin PBXFileSystemSynchronizedRootGroup section */
		C1DEB1152E1B75590058B6D4 /* Raytracer */ = {
			isa = PBXFileSystemSynchronizedRootGroup;
			exceptions = (
				C1DEC64B2E1F4FD30058B6D4 /* Exceptions for "Raytracer" folder in "Raytracer" target */,
				C1DEC4512E1B7A380058B6D4 /* Exceptions for "Raytracer" folder in "Compile Sources" phase from "Raytracer" target */,
			);
			path = Raytracer;
			sourceTree = "<group>";
		};
/* End PBXFileSystemSynchronizedRootGroup section */

/* Begin PBXFrameworksBuildPhase section */
		C1DEB1102E1B75590058B6D4 /* Frameworks */ = {
			isa = PBXFrameworksBuildPhase;
			buildActionMask = 2147483647;
			files = (
				C1512F5C2E2F5AEB0051C0AE /* libSDL3.0.dylib in Frameworks */,
				C1DEC4472E1B772A0058B6D4 /* Foundation.framework in Frameworks */,
				C1DEC44B2E1B77370058B6D4 /* Metal.framework in Frameworks */,
				C1DEC4492E1B77310058B6D4 /* QuartzCore.framework in Frameworks */,
			);
			runOnlyForDeploymentPostprocessing = 0;
		};
/* End PBXFrameworksBuildPhase section */

/* Begin PBXGroup section */
		C1DEB10A2E1B75590058B6D4 = {
			isa = PBXGroup;
			children = (
				C1DEB1152E1B75590058B6D4 /* Raytracer */,
				C1DEC4422E1B77190058B6D4 /* Frameworks */,
				C1DEB1142E1B75590058B6D4 /* Products */,
			);
			sourceTree = "<group>";
		};
		C1DEB1142E1B75590058B6D4 /* Products */ = {
			isa = PBXGroup;
			children = (
				C1DEB1132E1B75590058B6D4 /* Raytracer */,
			);
			name = Products;
			sourceTree = "<group>";
		};
		C1DEC4422E1B77190058B6D4 /* Frameworks */ = {
			isa = PBXGroup;
			children = (
				C1DEC6392E1B93670058B6D4 /* libSDL3.0.dylib */,
				C1512F5B2E2F5AEB0051C0AE /* libSDL3.0.dylib */,
				C1DEC44A2E1B77370058B6D4 /* Metal.framework */,
				C1DEC4482E1B77310058B6D4 /* QuartzCore.framework */,
				C1DEC4462E1B772A0058B6D4 /* Foundation.framework */,
			);
			name = Frameworks;
			sourceTree = "<group>";
		};
/* End PBXGroup section */

/* Begin PBXNativeTarget section */
		C1DEB1122E1B75590058B6D4 /* Raytracer */ = {
			isa = PBXNativeTarget;
			buildConfigurationList = C1DEB11A2E1B75590058B6D4 /* Build configuration list for PBXNativeTarget "Raytracer" */;
			buildPhases = (
				C1DEB10F2E1B75590058B6D4 /* Sources */,
				C1DEB1102E1B75590058B6D4 /* Frameworks */,
				C1DEB1112E1B75590058B6D4 /* CopyFiles */,
				C1512F5E2E2F5AEB0051C0AE /* Embed Libraries */,
			);
			buildRules = (
			);
			dependencies = (
			);
			fileSystemSynchronizedGroups = (
				C1DEB1152E1B75590058B6D4 /* Raytracer */,
			);
			name = Raytracer;
			packageProductDependencies = (
			);
			productName = Raytracer;
			productReference = C1DEB1132E1B75590058B6D4 /* Raytracer */;
			productType = "com.apple.product-type.tool";
		};
/* End PBXNativeTarget section */

/* Begin PBXProject section */
		C1DEB10B2E1B75590058B6D4 /* Project object */ = {
			isa = PBXProject;
			attributes = {
				BuildIndependentTargetsInParallel = 1;
				LastUpgradeCheck = 1620;
				TargetAttributes = {
					C1DEB1122E1B75590058B6D4 = {
						CreatedOnToolsVersion = 16.2;
					};
				};
			};
			buildConfigurationList = C1DEB10E2E1B75590058B6D4 /* Build configuration list for PBXProject "Raytracer" */;
			developmentRegion = en;
			hasScannedForEncodings = 0;
			knownRegions = (
				en,
				Base,
			);
			mainGroup = C1DEB10A2E1B75590058B6D4;
			minimizedProjectReferenceProxies = 1;
			preferredProjectObjectVersion = 77;
			productRefGroup = C1DEB1142E1B75590058B6D4 /* Products */;
			projectDirPath = "";
			projectRoot = "";
			targets = (
				C1DEB1122E1B75590058B6D4 /* Raytracer */,
			);
		};
/* End PBXProject section */

/* Begin PBXSourcesBuildPhase section */
		C1DEB10F2E1B75590058B6D4 /* Sources */ = {
			isa = PBXSourcesBuildPhase;
			buildActionMask = 2147483647;
			files = (
			);
			runOnlyForDeploymentPostprocessing = 0;
		};
/* End PBXSourcesBuildPhase section */

/* Begin XCBuildConfiguration section */
		C1DEB1182E1B75590058B6D4 /* Debug */ = {
			isa = XCBuildConfiguration;
			buildSettings = {
				ALWAYS_SEARCH_USER_PATHS = NO;
				ASSETCATALOG_COMPILER_GENERATE_SWIFT_ASSET_SYMBOL_EXTENSIONS = YES;
				CLANG_ANALYZER_NONNULL = YES;
				CLANG_ANALYZER_NUMBER_OBJECT_CONVERSION = YES_AGGRESSIVE;
				CLANG_CXX_LANGUAGE_STANDARD = "gnu++20";
				CLANG_ENABLE_MODULES = YES;
				CLANG_ENABLE_OBJC_ARC = YES;
				CLANG_ENABLE_OBJC_WEAK = YES;
				CLANG_WARN_BLOCK_CAPTURE_AUTORELEASING = YES;
				CLANG_WARN_BOOL_CONVERSION = YES;
				CLANG_WARN_COMMA = YES;
				CLANG_WARN_CONSTANT_CONVERSION = YES;
				CLANG_WARN_DEPRECATED_OBJC_IMPLEMENTATIONS = YES;
				CLANG_WARN_DIRECT_OBJC_ISA_USAGE = YES_ERROR;
				CLANG_WARN_DOCUMENTATION_COMMENTS = YES;
				CLANG_WARN_EMPTY_BODY = YES;
				CLANG_WARN_ENUM_CONVERSION = YES;
				CLANG_WARN_INFINITE_RECURSION = YES;
				CLANG_WARN_INT_CONVERSION = YES;
				CLANG_WARN_NON_LITERAL_NULL_CONVERSION = YES;
				CLANG_WARN_OBJC_IMPLICIT_RETAIN_SELF = YES;
				CLANG_WARN_OBJC_LITERAL_CONVERSION = YES;
				CLANG_WARN_OBJC_ROOT_CLASS = YES_ERROR;
				CLANG_WARN_QUOTED_INCLUDE_IN_FRAMEWORK_HEADER = YES;
				CLANG_WARN_RANGE_LOOP_ANALYSIS = YES;
				CLANG_WARN_STRICT_PROTOTYPES = YES;
				CLANG_WARN_SUSPICIOUS_MOVE = YES;
				CLANG_WARN_UNGUARDED_AVAILABILITY = YES_AGGRESSIVE;
				CLANG_WARN_UNREACHABLE_CODE = YES;
				CLANG_WARN__DUPLICATE_METHOD_MATCH = YES;
				COPY_PHASE_STRIP = NO;
				DEBUG_INFORMATION_FORMAT = dwarf;
				ENABLE_STRICT_OBJC_MSGSEND = YES;
				ENABLE_TESTABILITY = YES;
				ENABLE_USER_SCRIPT_SANDBOXING = YES;
				GCC_C_LANGUAGE_STANDARD = gnu17;
				GCC_DYNAMIC_NO_PIC = NO;
				GCC_NO_COMMON_BLOCKS = YES;
				GCC_OPTIMIZATION_LEVEL = 0;
				GCC_PREPROCESSOR_DEFINITIONS = (
					"DEBUG=1",
					"$(inherited)",
				);
				GCC_WARN_64_TO_32_BIT_CONVERSION = YES;
				GCC_WARN_ABOUT_RETURN_TYPE = YES_ERROR;
				GCC_WARN_UNDECLARED_SELECTOR = YES;
				GCC_WARN_UNINITIALIZED_AUTOS = YES_AGGRESSIVE;
				GCC_WARN_UNUSED_FUNCTION = YES;
				GCC_WARN_UNUSED_VARIABLE = YES;
				LOCALIZATION_PREFERS_STRING_CATALOGS = YES;
				MACOSX_DEPLOYMENT_TARGET = 14.6;
				MTL_ENABLE_DEBUG_INFO = INCLUDE_SOURCE;
				MTL_FAST_MATH = YES;
				ONLY_ACTIVE_ARCH = YES;
				SDKROOT = macosx;
			};
			name = Debug;
		};
		C1DEB1192E1B75590058B6D4 /* Release */ = {
			isa = XCBuildConfiguration;
			buildSettings = {
				ALWAYS_SEARCH_USER_PATHS = NO;
				ASSETCATALOG_COMPILER_GENERATE_SWIFT_ASSET_SYMBOL_EXTENSIONS = YES;
				CLANG_ANALYZER_NONNULL = YES;
				CLANG_ANALYZER_NUMBER_OBJECT_CONVERSION = YES_AGGRESSIVE;
				CLANG_CXX_LANGUAGE_STANDARD = "gnu++20";
				CLANG_ENABLE_MODULES = YES;
				CLANG_ENABLE_OBJC_ARC = YES;
				CLANG_ENABLE_OBJC_WEAK = YES;
				CLANG_WARN_BLOCK_CAPTURE_AUTORELEASING = YES;
				CLANG_WARN_BOOL_CONVERSION = YES;
				CLANG_WARN_COMMA = YES;
				CLANG_WARN_CONSTANT_CONVERSION = YES;
				CLANG_WARN_DEPRECATED_OBJC_IMPLEMENTATIONS = YES;
				CLANG_WARN_DIRECT_OBJC_ISA_USAGE = YES_ERROR;
				CLANG_WARN_DOCUMENTATION_COMMENTS = YES;
				CLANG_WARN_EMPTY_BODY = YES;
				CLANG_WARN_ENUM_CONVERSION = YES;
				CLANG_WARN_INFINITE_RECURSION = YES;
				CLANG_WARN_INT_CONVERSION = YES;
				CLANG_WARN_NON_LITERAL_NULL_CONVERSION = YES;
				CLANG_WARN_OBJC_IMPLICIT_RETAIN_SELF = YES;
				CLANG_WARN_OBJC_LITERAL_CONVERSION = YES;
				CLANG_WARN_OBJC_ROOT_CLASS = YES_ERROR;
				CLANG_WARN_QUOTED_INCLUDE_IN_FRAMEWORK_HEADER = YES;
				CLANG_WARN_RANGE_LOOP_ANALYSIS = YES;
				CLANG_WARN_STRICT_PROTOTYPES = YES;
				CLANG_WARN_SUSPICIOUS_MOVE = YES;
				CLANG_WARN_UNGUARDED_AVAILABILITY = YES_AGGRESSIVE;
				CLANG_WARN_UNREACHABLE_CODE = YES;
				CLANG_WARN__DUPLICATE_METHOD_MATCH = YES;
				COPY_PHASE_STRIP = NO;
				DEBUG_INFORMATION_FORMAT = "dwarf-with-dsym";
				ENABLE_NS_ASSERTIONS = NO;
				ENABLE_STRICT_OBJC_MSGSEND = YES;
				ENABLE_USER_SCRIPT_SANDBOXING = YES;
				GCC_C_LANGUAGE_STANDARD = gnu17;
				GCC_NO_COMMON_BLOCKS = YES;
				GCC_WARN_64_TO_32_BIT_CONVERSION = YES;
				GCC_WARN_ABOUT_RETURN_TYPE = YES_ERROR;
				GCC_WARN_UNDECLARED_SELECTOR = YES;
				GCC_WARN_UNINITIALIZED_AUTOS = YES_AGGRESSIVE;
				GCC_WARN_UNUSED_FUNCTION = YES;
				GCC_WARN_UNUSED_VARIABLE = YES;
				LOCALIZATION_PREFERS_STRING_CATALOGS = YES;
				MACOSX_DEPLOYMENT_TARGET = 14.6;
				MTL_ENABLE_DEBUG_INFO = NO;
				MTL_FAST_MATH = YES;
				SDKROOT = macosx;
			};
			name = Release;
		};
		C1DEB11B2E1B75590058B6D4 /* Debug */ = {
			isa = XCBuildConfiguration;
			buildSettings = {
				CODE_SIGN_STYLE = Automatic;
				DEVELOPMENT_TEAM = X96AVNGF8R;
				ENABLE_HARDENED_RUNTIME = NO;
				HEADER_SEARCH_PATHS = (
					"/Users/lewislee/Documents/Coding/Raytracer/Raytracer/Raytracer/libs/metal-cpp",
					/usr/local/include,
					/opt/homebrew/Cellar/sdl3/include,
				);
				"HEADER_SEARCH_PATHS[arch=*]" = (
					/usr/local/include,
					"/Users/lewislee/Documents/Coding/Raytracer/Raytracer/Raytracer/libs/metal-cpp",
					/opt/homebrew/include,
				);
				LIBRARY_SEARCH_PATHS = (
					"$(inherited)",
					/opt/homebrew/Cellar/sdl3/lib,
					/usr/local/lib,
					/opt/homebrew/Cellar/sdl3/3.2.18/lib,
				);
				PRODUCT_NAME = "$(TARGET_NAME)";
			};
			name = Debug;
		};
		C1DEB11C2E1B75590058B6D4 /* Release */ = {
			isa = XCBuildConfiguration;
			buildSettings = {
				CODE_SIGN_STYLE = Automatic;
				DEVELOPMENT_TEAM = X96AVNGF8R;
				ENABLE_HARDENED_RUNTIME = NO;
				HEADER_SEARCH_PATHS = "/Users/lewislee/Documents/Coding/Raytracer/Raytracer/Raytracer/libs/metal-cpp";
				LIBRARY_SEARCH_PATHS = (
					"$(inherited)",
					/opt/homebrew/Cellar/sdl3/lib,
					/usr/local/lib,
					/opt/homebrew/Cellar/sdl3/3.2.18/lib,
				);
				PRODUCT_NAME = "$(TARGET_NAME)";
			};
			name = Release;
		};
/* End XCBuildConfiguration section */

/* Begin XCConfigurationList section */
		C1DEB10E2E1B75590058B6D4 /* Build configuration list for PBXProject "Raytracer" */ = {
			isa = XCConfigurationList;
			buildConfigurations = (
				C1DEB1182E1B75590058B6D4 /* Debug */,
				C1DEB1192E1B75590058B6D4 /* Release */,
			);
			defaultConfigurationIsVisible = 0;
			defaultConfigurationName = Release;
		};
		C1DEB11A2E1B75590058B6D4 /* Build configuration list for PBXNativeTarget "Raytracer" */ = {
			isa = XCConfigurationList;
			buildConfigurations = (
				C1DEB11B2E1B75590058B6D4 /* Debug */,
				C1DEB11C2E1B75590058B6D4 /* Release */,
			);
			defaultConfigurationIsVisible = 0;
			defaultConfigurationName = Release;
		};
/* End XCConfigurationList section */
	};
	rootObject = C1DEB10B2E1B75590058B6D4 /* Project object */;
}
